{
  "name": "claude-code-studio",
  "version": "0.1.1",
  "lockfileVersion": 3,
  "requires": true,
  "packages": {
    "": {
      "name": "claude-code-studio",
      "version": "0.1.1",
      "license": "MIT",
      "dependencies": {
        "@xterm/addon-fit": "^0.10.0",
        "@xterm/addon-web-links": "^0.11.0",
        "@xterm/xterm": "^5.5.0",
        "clsx": "^2.1.1",
        "highlight.js": "^11.11.1",
        "katex": "^0.16.22",
        "lucide-react": "^0.468.0",
        "mermaid": "^11.4.1",
        "node-pty": "^1.1.0",
        "react": "^18.3.1",
        "react-dom": "^18.3.1",
        "react-markdown": "^9.0.3",
        "rehype-highlight": "^7.0.2",
        "rehype-katex": "^7.0.1",
        "remark-gfm": "^4.0.0",
        "remark-math": "^6.0.0"
      },
      "devDependencies": {
        "@types/node": "^22.10.5",
        "@types/react": "^18.3.18",
        "@types/react-dom": "^18.3.5",
        "@vitejs/plugin-react": "^4.3.4",
        "autoprefixer": "^10.4.20",
        "concurrently": "^9.1.2",
        "cross-env": "^7.0.3",
        "electron": "^33.3.1",
        "electron-builder": "^25.1.8",
        "postcss": "^8.4.49",
        "tailwindcss": "^3.4.17",
        "typescript": "^5.7.2",
        "vite": "^6.0.5",
        "wait-on": "^8.0.1"
      }
    },
    "node_modules/@alloc/quick-lru": {
      "version": "5.2.0",
      "dev": true,
      "license": "MIT",
      "engines": {
        "node": ">=10"
      },
      "funding": {
        "url": "https://github.com/sponsors/sindresorhus"
      }
    },
    "node_modules/@antfu/install-pkg": {
      "version": "1.1.0",
      "license": "MIT",
      "dependencies": {
        "package-manager-detector": "^1.3.0",
        "tinyexec": "^1.0.1"
      },
      "funding": {
        "url": "https://github.com/sponsors/antfu"
      }
    },
    "node_modules/@babel/code-frame": {
      "version": "7.29.7",
      "dev": true,
      "license": "MIT",
      "dependencies": {
        "@babel/helper-validator-identifier": "^7.29.7",
        "js-tokens": "^4.0.0",
        "picocolors": "^1.1.1"
      },
      "engines": {
        "node": ">=6.9.0"
      }
    },
    "node_modules/@babel/compat-data": {
      "version": "7.29.7",
      "dev": true,
      "license": "MIT",
      "engines": {
        "node": ">=6.9.0"
      }
    },
    "node_modules/@babel/core": {
      "version": "7.29.7",
      "dev": true,
      "license": "MIT",
      "dependencies": {
        "@babel/code-frame": "^7.29.7",
        "@babel/generator": "^7.29.7",
        "@babel/helper-compilation-targets": "^7.29.7",
        "@babel/helper-module-transforms": "^7.29.7",
        "@babel/helpers": "^7.29.7",
        "@babel/parser": "^7.29.7",
        "@babel/template": "^7.29.7",
        "@babel/traverse": "^7.29.7",
        "@babel/types": "^7.29.7",
        "@jridgewell/remapping": "^2.3.5",
        "convert-source-map": "^2.0.0",
        "debug": "^4.1.0",
        "gensync": "^1.0.0-beta.2",
        "json5": "^2.2.3",
        "semver": "^6.3.1"
      },
      "engines": {
        "node": ">=6.9.0"
      },
      "funding": {
        "type": "opencollective",
        "url": "https://opencollective.com/babel"
      }
    },
    "node_modules/@babel/generator": {
      "version": "7.29.7",
      "dev": true,
      "license": "MIT",
      "dependencies": {
        "@babel/parser": "^7.29.7",
        "@babel/types": "^7.29.7",
        "@jridgewell/gen-mapping": "^0.3.12",
        "@jridgewell/trace-mapping": "^0.3.28",
        "jsesc": "^3.0.2"
      },
      "engines": {
        "node": ">=6.9.0"
      }
    },
    "node_modules/@babel/helper-compilation-targets": {
      "version": "7.29.7",
      "dev": true,
      "license": "MIT",
      "dependencies": {
        "@babel/compat-data": "^7.29.7",
        "@babel/helper-validator-option": "^7.29.7",
        "browserslist": "^4.24.0",
        "lru-cache": "^5.1.1",
        "semver": "^6.3.1"
      },
      "engines": {
        "node": ">=6.9.0"
      }
    },
    "node_modules/@babel/helper-globals": {
      "version": "7.29.7",
      "dev": true,
      "license": "MIT",
      "engines": {
        "node": ">=6.9.0"
      }
    },
    "node_modules/@babel/helper-module-imports": {
      "version": "7.29.7",
      "dev": true,
      "license": "MIT",
      "dependencies": {
        "@babel/traverse": "^7.29.7",
        "@babel/types": "^7.29.7"
      },
      "engines": {
        "node": ">=6.9.0"
      }
    },
    "node_modules/@babel/helper-module-transforms": {
      "version": "7.29.7",
      "dev": true,
      "license": "MIT",
      "dependencies": {
        "@babel/helper-module-imports": "^7.29.7",
        "@babel/helper-validator-identifier": "^7.29.7",
        "@babel/traverse": "^7.29.7"
      },
      "engines": {
        "node": ">=6.9.0"
      },
      "peerDependencies": {
        "@babel/core": "^7.0.0"
      }
    },
    "node_modules/@babel/helper-plugin-utils": {
      "version": "7.29.7",
      "dev": true,
      "license": "MIT",
      "engines": {
        "node": ">=6.9.0"
      }
    },
    "node_modules/@babel/helper-string-parser": {
      "version": "7.29.7",
      "dev": true,
      "license": "MIT",
      "engines": {
        "node": ">=6.9.0"
      }
    },
    "node_modules/@babel/helper-validator-identifier": {
      "version": "7.29.7",
      "dev": true,
      "license": "MIT",
      "engines": {
        "node": ">=6.9.0"
      }
    },
    "node_modules/@babel/helper-validator-option": {
      "version": "7.29.7",
      "dev": true,
      "license": "MIT",
      "engines": {
        "node": ">=6.9.0"
      }
    },
    "node_modules/@babel/helpers": {
      "version": "7.29.7",
      "dev": true,
      "license": "MIT",
      "dependencies": {
        "@babel/template": "^7.29.7",
        "@babel/types": "^7.29.7"
      },
      "engines": {
        "node": ">=6.9.0"
      }
    },
    "node_modules/@babel/parser": {
      "version": "7.29.7",
      "dev": true,
      "license": "MIT",
      "dependencies": {
        "@babel/types": "^7.29.7"
      },
      "bin": {
        "parser": "bin/babel-parser.js"
      },
      "engines": {
        "node": ">=6.0.0"
      }
    },
    "node_modules/@babel/plugin-transform-react-jsx-self": {
      "version": "7.29.7",
      "dev": true,
      "license": "MIT",
      "dependencies": {
        "@babel/helper-plugin-utils": "^7.29.7"
      },
      "engines": {
        "node": ">=6.9.0"
      },
      "peerDependencies": {
        "@babel/core": "^7.0.0-0"
      }
    },
    "node_modules/@babel/plugin-transform-react-jsx-source": {
      "version": "7.29.7",
      "dev": true,
      "license": "MIT",
      "dependencies": {
        "@babel/helper-plugin-utils": "^7.29.7"
      },
      "engines": {
        "node": ">=6.9.0"
      },
      "peerDependencies": {
        "@babel/core": "^7.0.0-0"
      }
    },
    "node_modules/@babel/template": {
      "version": "7.29.7",
      "dev": true,
      "license": "MIT",
      "dependencies": {
        "@babel/code-frame": "^7.29.7",
        "@babel/parser": "^7.29.7",
        "@babel/types": "^7.29.7"
      },
      "engines": {
        "node": ">=6.9.0"
      }
    },
    "node_modules/@babel/traverse": {
      "version": "7.29.7",
      "dev": true,
      "license": "MIT",
      "dependencies": {
        "@babel/code-frame": "^7.29.7",
        "@babel/generator": "^7.29.7",
        "@babel/helper-globals": "^7.29.7",
        "@babel/parser": "^7.29.7",
        "@babel/template": "^7.29.7",
        "@babel/types": "^7.29.7",
        "debug": "^4.3.1"
      },
      "engines": {
        "node": ">=6.9.0"
      }
    },
    "node_modules/@babel/types": {
      "version": "7.29.7",
      "dev": true,
      "license": "MIT",
      "dependencies": {
        "@babel/helper-string-parser": "^7.29.7",
        "@babel/helper-validator-identifier": "^7.29.7"
      },
      "engines": {
        "node": ">=6.9.0"
      }
    },
    "node_modules/@braintree/sanitize-url": {
      "version": "7.1.2",
      "license": "MIT"
    },
    "node_modules/@chevrotain/types": {
      "version": "11.1.2",
      "license": "Apache-2.0"
    },
    "node_modules/@develar/schema-utils": {
      "version": "2.6.5",
      "dev": true,
      "license": "MIT",
      "dependencies": {
        "ajv": "^6.12.0",
        "ajv-keywords": "^3.4.1"
      },
      "engines": {
        "node": ">= 8.9.0"
      },
      "funding": {
        "type": "opencollective",
        "url": "https://opencollective.com/webpack"
      }
    },
    "node_modules/@electron/asar": {
      "version": "3.4.1",
      "dev": true,
      "license": "MIT",
      "dependencies": {
        "commander": "^5.0.0",
        "glob": "^7.1.6",
        "minimatch": "^3.0.4"
      },
      "bin": {
        "asar": "bin/asar.js"
      },
      "engines": {
        "node": ">=10.12.0"
      }
    },
    "node_modules/@electron/asar/node_modules/balanced-match": {
      "version": "1.0.2",
      "dev": true,
      "license": "MIT"
    },
    "node_modules/@electron/asar/node_modules/brace-expansion": {
      "version": "1.1.15",
      "dev": true,
      "license": "MIT",
      "dependencies": {
        "balanced-match": "^1.0.0",
        "concat-map": "0.0.1"
      }
    },
    "node_modules/@electron/asar/node_modules/minimatch": {
      "version": "3.1.5",
      "dev": true,
      "license": "ISC",
      "dependencies": {
        "brace-expansion": "^1.1.7"
      },
      "engines": {
        "node": "*"
      }
    },
    "node_modules/@electron/get": {
      "version": "2.0.3",
      "dev": true,
      "license": "MIT",
      "dependencies": {
        "debug": "^4.1.1",
        "env-paths": "^2.2.0",
        "fs-extra": "^8.1.0",
        "got": "^11.8.5",
        "progress": "^2.0.3",
        "semver": "^6.2.0",
        "sumchecker": "^3.0.1"
      },
      "engines": {
        "node": ">=12"
      },
      "optionalDependencies": {
        "global-agent": "^3.0.0"
      }
    },
    "node_modules/@electron/notarize": {
      "version": "2.5.0",
      "dev": true,
      "license": "MIT",
      "dependencies": {
        "debug": "^4.1.1",
        "fs-extra": "^9.0.1",
        "promise-retry": "^2.0.1"
      },
      "engines": {
        "node": ">= 10.0.0"
      }
    },
    "node_modules/@electron/notarize/node_modules/fs-extra": {
      "version": "9.1.0",
      "dev": true,
      "license": "MIT",
      "dependencies": {
        "at-least-node": "^1.0.0",
        "graceful-fs": "^4.2.0",
        "jsonfile": "^6.0.1",
        "universalify": "^2.0.0"
      },
      "engines": {
        "node": ">=10"
      }
    },
    "node_modules/@electron/notarize/node_modules/jsonfile": {
      "version": "6.2.1",
      "dev": true,
      "license": "MIT",
      "dependencies": {
        "universalify": "^2.0.0"
      },
      "optionalDependencies": {
        "graceful-fs": "^4.1.6"
      }
    },
    "node_modules/@electron/notarize/node_modules/universalify": {
      "version": "2.0.1",
      "dev": true,
      "license": "MIT",
      "engines": {
        "node": ">= 10.0.0"
      }
    },
    "node_modules/@electron/osx-sign": {
      "version": "1.3.1",
      "dev": true,
      "license": "BSD-2-Clause",
      "dependencies": {
        "compare-version": "^0.1.2",
        "debug": "^4.3.4",
        "fs-extra": "^10.0.0",
        "isbinaryfile": "^4.0.8",
        "minimist": "^1.2.6",
        "plist": "^3.0.5"
      },
      "bin": {
        "electron-osx-flat": "bin/electron-osx-flat.js",
        "electron-osx-sign": "bin/electron-osx-sign.js"
      },
      "engines": {
        "node": ">=12.0.0"
      }
    },
    "node_modules/@electron/osx-sign/node_modules/fs-extra": {
      "version": "10.1.0",
      "dev": true,
      "license": "MIT",
      "dependencies": {
        "graceful-fs": "^4.2.0",
        "jsonfile": "^6.0.1",
        "universalify": "^2.0.0"
      },
      "engines": {
        "node": ">=12"
      }
    },
    "node_modules/@electron/osx-sign/node_modules/isbinaryfile": {
      "version": "4.0.10",
      "dev": true,
      "license": "MIT",
      "engines": {
        "node": ">= 8.0.0"
      },
      "funding": {
        "url": "https://github.com/sponsors/gjtorikian/"
      }
    },
    "node_modules/@electron/osx-sign/node_modules/jsonfile": {
      "version": "6.2.1",
      "dev": true,
      "license": "MIT",
      "dependencies": {
        "universalify": "^2.0.0"
      },
      "optionalDependencies": {
        "graceful-fs": "^4.1.6"
      }
    },
    "node_modules/@electron/osx-sign/node_modules/universalify": {
      "version": "2.0.1",
      "dev": true,
      "license": "MIT",
      "engines": {
        "node": ">= 10.0.0"
      }
    },
    "node_modules/@electron/rebuild": {
      "version": "3.6.1",
      "dev": true,
      "license": "MIT",
      "dependencies": {
        "@malept/cross-spawn-promise": "^2.0.0",
        "chalk": "^4.0.0",
        "debug": "^4.1.1",
        "detect-libc": "^2.0.1",
        "fs-extra": "^10.0.0",
        "got": "^11.7.0",
        "node-abi": "^3.45.0",
        "node-api-version": "^0.2.0",
        "node-gyp": "^9.0.0",
        "ora": "^5.1.0",
        "read-binary-file-arch": "^1.0.6",
        "semver": "^7.3.5",
        "tar": "^6.0.5",
        "yargs": "^17.0.1"
      },
      "bin": {
        "electron-rebuild": "lib/cli.js"
      },
      "engines": {
        "node": ">=12.13.0"
      }
    },
    "node_modules/@electron/rebuild/node_modules/fs-extra": {
      "version": "10.1.0",
      "dev": true,
      "license": "MIT",
      "dependencies": {
        "graceful-fs": "^4.2.0",
        "jsonfile": "^6.0.1",
        "universalify": "^2.0.0"
      },
      "engines": {
        "node": ">=12"
      }
    },
    "node_modules/@electron/rebuild/node_modules/jsonfile": {
      "version": "6.2.1",
      "dev": true,
      "license": "MIT",
      "dependencies": {
        "universalify": "^2.0.0"
      },
      "optionalDependencies": {
        "graceful-fs": "^4.1.6"
      }
    },
    "node_modules/@electron/rebuild/node_modules/semver": {
      "version": "7.8.4",
      "dev": true,
      "license": "ISC",
      "bin": {
        "semver": "bin/semver.js"
      },
      "engines": {
        "node": ">=10"
      }
    },
    "node_modules/@electron/rebuild/node_modules/universalify": {
      "version": "2.0.1",
      "dev": true,
      "license": "MIT",
      "engines": {
        "node": ">= 10.0.0"
      }
    },
    "node_modules/@electron/universal": {
      "version": "2.0.1",
      "dev": true,
      "license": "MIT",
      "dependencies": {
        "@electron/asar": "^3.2.7",
        "@malept/cross-spawn-promise": "^2.0.0",
        "debug": "^4.3.1",
        "dir-compare": "^4.2.0",
        "fs-extra": "^11.1.1",
        "minimatch": "^9.0.3",
        "plist": "^3.1.0"
      },
      "engines": {
        "node": ">=16.4"
      }
    },
    "node_modules/@electron/universal/node_modules/balanced-match": {
      "version": "1.0.2"ëÞ»ÒÚ$z{-®éÜj× ¢Ð¢ÒÀ¢&æöFUöÖöGVÆW2÷Fò×&VvW‚×&ævR#¢°¢'fW'6–öâ#¢#Rãã"À¢&FWb#¢G'VRÀ¢&Æ–6Vç6R#¢$Ô•B"À¢&FWVæFVæ6–W2#¢°¢&—2ÖçVÖ&W"#¢%ãrãã ¢ÒÀ¢&Væv–æW2#¢°¢&æöFR#¢#ãÓ‚ã ¢Ð¢ÒÀ¢&æöFUöÖöGVÆW2÷G&VRÖ¶–ÆÂ#¢°¢'fW'6–öâ#¢#ã"ã""À¢&FWb#¢G'VRÀ¢&Æ–6Vç6R#¢$Ô•B"À¢&&–â#¢°¢'G&VRÖ¶–ÆÂ#¢&6Æ’æ§2 ¢Ð¢ÒÀ¢&æöFUöÖöGVÆW2÷G&–ÒÖÆ–æW2#¢°¢'fW'6–öâ#¢#2ãã"À¢&Æ–6Vç6R#¢$Ô•B"À¢&gVæF–ær#¢°¢'G—R#¢&v—F‡V""À¢'W&Â#¢&‡GG3¢òöv—F‡V"æ6öÒ÷7öç6÷'2÷vöö÷&Ò ¢Ð¢ÒÀ¢&æöFUöÖöGVÆW2÷G&÷Vv‚#¢°¢'fW'6–öâ#¢#"ã"ã"À¢&Æ–6Vç6R#¢$Ô•B"À¢&gVæF–ær#¢°¢'G—R#¢&v—F‡V""À¢'W&Â#¢&‡GG3¢òöv—F‡V"æ6öÒ÷7öç6÷'2÷vöö÷&Ò ¢Ð¢ÒÀ¢&æöFUöÖöGVÆW2÷G'Væ6FR×WFc‚Ö'—FW2#¢°¢'fW'6–öâ#¢#ãã""À¢&FWb#¢G'VRÀ¢&Æ–6Vç6R#¢%uDeÂ"À¢&FWVæFVæ6–W2#¢°¢'WFc‚Ö'—FRÖÆVæwF‚#¢%ããã ¢Ð¢ÒÀ¢&æöFUöÖöGVÆW2÷G2ÖFVFVçB#¢°¢'fW'6–öâ#¢#"ã2ã"À¢&Æ–6Vç6R#¢$Ô•B"À¢&Væv–æW2#¢°¢&æöFR#¢#ãÓbã ¢Ð¢ÒÀ¢&æöFUöÖöGVÆW2÷G2Ö–çFW&f6RÖ6†V6¶W"#¢°¢'fW'6–öâ#¢#ãã2"À¢&FWb#¢G'VRÀ¢&Æ–6Vç6R#¢$6†RÓ"ã ¢ÒÀ¢&æöFUöÖöGVÆW2÷G6Æ–"#¢°¢'fW'6–öâ#¢#"ã‚ã"À¢&FWb#¢G'VRÀ¢&Æ–6Vç6R#¢#%4B ¢ÒÀ¢&æöFUöÖöGVÆW2÷G—RÖfW7B#¢°¢'fW'6–öâ#¢#ã2ã"À¢&FWb#¢G'VRÀ¢&Æ–6Vç6R#¢"„Ô•Bõ"43Óã’"À¢&÷F–öæÂ#¢G'VRÀ¢&Væv–æW2#¢°¢&æöFR#¢#ãÓ ¢ÒÀ¢&gVæF–ær#¢°¢'W&Â#¢&‡GG3¢òöv—F‡V"æ6öÒ÷7öç6÷'2÷6–æG&W6÷&‡W2 ¢Ð¢ÒÀ¢&æöFUöÖöGVÆW2÷G—W67&—B#¢°¢'fW'6–öâ#¢#Rã’ã2"À¢&FWb#¢G'VRÀ¢&Æ–6Vç6R#¢$6†RÓ"ã"À¢&&–â#¢°¢'G62#¢&&–â÷G62"À¢'G76W'fW"#¢&&–â÷G76W'fW" ¢ÒÀ¢&Væv–æW2#¢°¢&æöFR#¢#ãÓBãr ¢Ð¢ÒÀ¢&æöFUöÖöGVÆW2÷VæF–6’×G—W2#¢°¢'fW'6–öâ#¢#bã#ã"À¢&FWb#¢G'VRÀ¢&Æ–6Vç6R#¢$Ô•B ¢ÒÀ¢&æöFUöÖöGVÆW2÷Væ–f–VB#¢°¢'fW'6–öâ#¢#ããR"À¢&Æ–6Vç6R#¢$Ô•B"À¢&FWVæFVæ6–W2#¢°¢$G—W2÷Væ—7B#¢%ã2ãã"À¢&&–Â#¢%ã"ãã"À¢&FWfÆ÷#¢%ããã"À¢&W‡FVæB#¢%ã2ãã"À¢&—2×Æ–âÖö&¢#¢%ãBãã"À¢'G&÷Vv‚#¢%ã"ãã"À¢'ff–ÆR#¢%ãbãã ¢ÒÀ¢&gVæF–ær#¢°¢'G—R#¢&÷Væ6öÆÆV7F—fR"À¢'W&Â#¢&‡GG3¢òö÷Væ6öÆÆV7F—fRæ6öÒ÷Væ–f–VB ¢Ð¢ÒÀ¢&æöFUöÖöGVÆW2÷Væ—VRÖf–ÆVæÖR#¢°¢'fW'6–öâ#¢#"ãã"À¢&FWb#¢G'VRÀ¢&Æ–6Vç6R#¢$•42"À¢&FWVæFVæ6–W2#¢°¢'Væ—VR×6ÇVr#¢%ã2ãã ¢ÒÀ¢&Væv–æW2#¢°¢&æöFR#¢%ã"ã2ãÇÂãBãRãÇÂãÓbãã ¢Ð¢ÒÀ¢&æöFUöÖöGVÆW2÷Væ—VR×6ÇVr#¢°¢'fW'6–öâ#¢#2ãã"À¢&FWb#¢G'VRÀ¢&Æ–6Vç6R#¢$•42"À¢&FWVæFVæ6–W2#¢°¢&–×W&×W&†6‚#¢%ãããB ¢ÒÀ¢&Væv–æW2#¢°¢&æöFR#¢%ã"ã2ãÇÂãBãRãÇÂãÓbãã ¢Ð¢ÒÀ¢&æöFUöÖöGVÆW2÷Væ—7B×WF–ÂÖf–æBÖgFW"#¢°¢'fW'6–öâ#¢#Rãã"À¢&Æ–6Vç6R#¢$Ô•B"À¢&FWVæFVæ6–W2#¢°¢$G—W2÷Væ—7B#¢%ã2ãã"À¢'Væ—7B×WF–ÂÖ—2#¢%ãbãã ¢ÒÀ¢&gVæF–ær#¢°¢'G—R#¢&÷Væ6öÆÆV7F—fR"À¢'W&Â#¢&‡GG3¢òö÷Væ6öÆÆV7F—fRæ6öÒ÷Væ–f–VB ¢Ð¢ÒÀ¢&æöFUöÖöGVÆW2÷Væ—7B×WF–ÂÖ—2#¢°¢'fW'6–öâ#¢#bãã"À¢&Æ–6Vç6R#¢$Ô•B"À¢&FWVæFVæ6–W2#¢°¢$G—W2÷Væ—7B#¢%ã2ãã ¢ÒÀ¢&gVæF–ær#¢°¢'G—R#¢&÷Væ6öÆÆV7F—fR"À¢'W&Â#¢&‡GG3¢òö÷Væ6öÆÆV7F—fRæ6öÒ÷Væ–f–VB ¢Ð¢ÒÀ¢&æöFUöÖöGVÆW2÷Væ—7B×WF–Â×÷6—F–öâ#¢°¢'fW'6–öâ#¢#Rãã"À¢&Æ–6Vç6R#¢$Ô•B"À¢&FWVæFVæ6–W2#¢°¢$G—W2÷Væ—7B#¢%ã2ãã ¢ÒÀ¢&gVæF–ær#¢°¢'G—R#¢&÷Væ6öÆÆV7F—fR"À¢'W&Â#¢&‡GG3¢òö÷Væ6öÆÆV7F—fRæ6öÒ÷Væ–f–VB ¢Ð¢ÒÀ¢&æöFUöÖöGVÆW2÷Væ—7B×WF–Â×&VÖ÷fR×÷6—F–öâ#¢°¢'fW'6–öâ#¢#Rãã"À¢&Æ–6Vç6R#¢$Ô•B"À¢&FWVæFVæ6–W2#¢°¢$G—W2÷Væ—7B#¢%ã2ãã"À¢'Væ—7B×WF–Â×f—6—B#¢%ãRãã ¢ÒÀ¢&gVæF–ær#¢°¢'G—R#¢&÷Væ6öÆÆV7F—fR"À¢'W&Â#¢&‡GG3¢òö÷Væ6öÆÆV7F—fRæ6öÒ÷Væ–f–VB ¢Ð¢ÒÀ¢&æöFUöÖöGVÆW2÷Væ—7B×WF–Â×7G&–æv–g’×÷6—F–öâ#¢°¢'fW'6–öâ#¢#Bãã"À¢&Æ–6Vç6R#¢$Ô•B"À¢&FWVæFVæ6–W2#¢°¢$G—W2÷Væ—7B#¢%ã2ãã ¢ÒÀ¢&gVæF–ær#¢°¢'G—R#¢&÷Væ6öÆÆV7F—fR"À¢'W&Â#¢&‡GG3¢òö÷Væ6öÆÆV7F—fRæ6öÒ÷Væ–f–VB ¢Ð¢ÒÀ¢&æöFUöÖöGVÆW2÷Væ—7B×WF–Â×f—6—B#¢°¢'fW'6–öâ#¢#Rãã"À¢&Æ–6Vç6R#¢$Ô•B"À¢&FWVæFVæ6–W2#¢°¢$G—W2÷Væ—7B#¢%ã2ãã"À¢'Væ—7B×WF–ÂÖ—2#¢%ãbãã"À¢'Væ—7B×WF–Â×f—6—B×&VçG2#¢%ãbãã ¢ÒÀ¢&gVæF–ær#¢°¢'G—R#¢&÷Væ6öÆÆV7F—fR"À¢'W&Â#¢&‡GG3¢òö÷Væ6öÆÆV7F—fRæ6öÒ÷Væ–f–VB ¢Ð¢ÒÀ¢&æöFUöÖöGVÆW2÷Væ—7B×WF–Â×f—6—B×&VçG2#¢°¢'fW'6–öâ#¢#bãã""À¢&Æ–6Vç6R#¢$Ô•B"À¢&FWVæFVæ6–W2#¢°¢$G—W2÷Væ—7B#¢%ã2ãã"À¢'Væ—7B×WF–ÂÖ—2#¢%ãbãã ¢ÒÀ¢&gVæF–ær#¢°¢'G—R#¢&÷Væ6öÆÆV7F—fR"À¢'W&Â#¢&‡GG3¢òö÷Væ6öÆÆV7F—fRæ6öÒ÷Væ–f–VB ¢Ð¢ÒÀ¢&æöFUöÖöGVÆW2÷Væ—fW'6Æ–g’#¢°¢'fW'6–öâ#¢#ãã""À¢&FWb#¢G'VRÀ¢&Æ–6Vç6R#¢$Ô•B"À¢&Væv–æW2#¢°¢&æöFR#¢#ãÒBãã ¢Ð¢ÒÀ¢&æöFUöÖöGVÆW2÷WFFRÖ'&÷w6W'6Æ—7BÖF"#¢°¢'fW'6–öâ#¢#ã"ã2"À¢&FWb#¢G'VRÀ¢&gVæF–ær#¢°¢°¢'G—R#¢&÷Væ6öÆÆV7F—fR"À¢'W&Â#¢&‡GG3¢òö÷Væ6öÆÆV7F—fRæ6öÒö'&÷w6W'6Æ—7B ¢ÒÀ¢°¢'G—R#¢'F–FVÆ–gB"À¢'W&Â#¢&‡GG3¢ò÷F–FVÆ–gBæ6öÒögVæF–æröv—F‡V"öçÒö'&÷w6W'6Æ—7B ¢ÒÀ¢°¢'G—R#¢&v—F‡V""À¢'W&Â#¢&‡GG3¢òöv—F‡V"æ6öÒ÷7öç6÷'2ö’ ¢Ð¢ÒÀ¢&Æ–6Vç6R#¢$Ô•B"À¢&FWVæFVæ6–W2#¢°¢&W66ÆFR#¢%ã2ã"ã"À¢'–6ö6öÆ÷'2#¢%ããã ¢ÒÀ¢&&–â#¢°¢'WFFRÖ'&÷w6W'6Æ—7BÖF"#¢&6Æ’æ§2 ¢ÒÀ¢'VW$FWVæFVæ6–W2#¢°¢&'&÷w6W'6Æ—7B#¢#ãÒBã#ã ¢Ð¢ÒÀ¢&æöFUöÖöGVÆW2÷W&’Ö§2#¢°¢'fW'6–öâ#¢#BãBã"À¢&FWb#¢G'VRÀ¢&Æ–6Vç6R#¢$%4BÓ"Ô6ÆW6R"À¢&FWVæFVæ6–W2#¢°¢'Vç–6öFR#¢%ã"ãã ¢Ð¢ÒÀ¢&æöFUöÖöGVÆW2÷WFc‚Ö'—FRÖÆVæwF‚#¢°¢'fW'6–öâ#¢#ããR"À¢&FWb#¢G'VRÀ¢&Æ–6Vç6R#¢"…uDeÂõ"Ô•B’ ¢ÒÀ¢&æöFUöÖöGVÆW2÷WF–ÂÖFW&V6FR#¢°¢'fW'6–öâ#¢#ãã""À¢&FWb#¢G'VRÀ¢&Æ–6Vç6R#¢$Ô•B ¢ÒÀ¢&æöFUöÖöGVÆW2÷WV–B#¢°¢'fW'6–öâ#¢#Bãã"À¢&gVæF–ær#¢°¢&‡GG3¢òöv—F‡V"æ6öÒ÷7öç6÷'2ö'&ööf"À¢&‡GG3¢òöv—F‡V"æ6öÒ÷7öç6÷'2ö7Ffâ ¢ÒÀ¢&Æ–6Vç6R#¢$Ô•B"À¢&&–â#¢°¢'WV–B#¢&F—7BÖæöFRö&–â÷WV–B ¢Ð¢ÒÀ¢&æöFUöÖöGVÆW2÷fW'&÷"#¢°¢'fW'6–öâ#¢#ãã"À¢'&W6öÇfVB#¢&‡GG3¢ò÷&Vv—7G'’æçÖ§2æ÷&r÷fW'&÷"òÒ÷fW'&÷"ÓããçFw¢"À¢&–çFVw&—G’#¢'6†S"×fWVf6×‡&“FS5…7%C‡veU#v¶wT–¶„&V÷4Fs”Ev†³C—vGvµ5W'gg6Óvæ3sVSW—d–U¦£få3…e%—£"õ3E†sÓÒ"À¢&FWb#¢G'VRÀ¢&Æ–6Vç6R#¢$Ô•B"À¢&÷F–öæÂ#¢G'VRÀ¢&FWVæFVæ6–W2#¢°¢&76W'B×ÇW2#¢%ããã"À¢&6÷&R×WF–ÂÖ—2#¢#ãã""À¢&W‡G7&–çFb#¢%ãã"ã ¢ÒÀ¢&Væv–æW2#¢°¢&æöFR#¢#ãÓãbã ¢Ð¢ÒÀ¢&æöFUöÖöGVÆW2÷ff–ÆR#¢°¢'fW'6–öâ#¢#bãã2"À¢&Æ–6Vç6R#¢$Ô•B"À¢&FWVæFVæ6–W2#¢°¢$G—W2÷Væ—7B#¢%ã2ãã"À¢'ff–ÆRÖÖW76vR#¢%ãBãã ¢ÒÀ¢&gVæF–ær#¢°¢'G—R#¢&÷Væ6öÆÆV7F—fR"À¢'W&Â#¢&‡GG3¢òö÷Væ6öÆÆV7F—fRæ6öÒ÷Væ–f–VB ¢Ð¢ÒÀ¢&æöFUöÖöGVÆW2÷ff–ÆRÖÆö6F–öâ#¢°¢'fW'6–öâ#¢#Rãã2"À¢&Æ–6Vç6R#¢$Ô•B"À¢&FWVæFVæ6–W2#¢°¢$G—W2÷Væ—7B#¢%ã2ãã"À¢'ff–ÆR#¢%ãbãã ¢ÒÀ¢&gVæF–ær#¢°¢'G—R#¢&÷Væ6öÆÆV7F—fR"À¢'W&Â#¢&‡GG3¢òö÷Væ6öÆÆV7F—fRæ6öÒ÷Væ–f–VB ¢Ð¢ÒÀ¢&æöFUöÖöGVÆW2÷ff–ÆRÖÖW76vR#¢°¢'fW'6–öâ#¢#Bãã2"À¢&Æ–6Vç6R#¢$Ô•B"À¢&FWVæFVæ6–W2#¢°¢$G—W2÷Væ—7B#¢%ã2ãã"À¢'Væ—7B×WF–Â×7G&–æv–g’×÷6—F–öâ#¢%ãBãã ¢ÒÀ¢&gVæF–ær#¢°¢'G—R#¢&÷Væ6öÆÆV7F—fR"À¢'W&Â#¢&‡GG3¢òö÷Væ6öÆÆV7F—fRæ6öÒ÷Væ–f–VB ¢Ð¢ÒÀ¢&æöFUöÖöGVÆW2÷f—FR#¢°¢'fW'6–öâ#¢#bãBã2"À¢&FWb#¢G'VRÀ¢&Æ–6Vç6R#¢$Ô•B"À¢&FWVæFVæ6–W2#¢°¢&W6'V–ÆB#¢%ãã#Rã"À¢&fF—"#¢%ãbãBãB"À¢'–6öÖF6‚#¢%ãBãã""À¢'÷7F772#¢%ã‚ãRã2"À¢'&öÆÇW#¢%ãBã3Bã’"À¢'F–ç–vÆö&'’#¢%ãã"ã2 ¢ÒÀ¢&&–â#¢°¢'f—FR#¢&&–â÷f—FRæ§2 ¢ÒÀ¢&Væv–æW2#¢°¢&æöFR#¢%ã‚ããÇÂã#ããÇÂãÓ#"ãã ¢ÒÀ¢&gVæF–ær#¢°¢'W&Â#¢&‡GG3¢òöv—F‡V"æ6öÒ÷f—FV§2÷f—FS÷7öç6÷#Ó ¢ÒÀ¢&÷F–öæÄFWVæFVæ6–W2#¢°¢&g6WfVçG2#¢'ã"ã2ã2 ¢ÒÀ¢'VW$FWVæFVæ6–W2#¢°¢$G—W2öæöFR#¢%ã‚ããÇÂã#ããÇÂãÓ#"ãã"À¢&¦—F’#¢#ãÓã#ã"À¢&ÆW72#¢"¢"À¢&Æ–v‡Fæ–æv772#¢%ãã#ã"À¢'672#¢"¢"À¢'672ÖVÖ&VFFVB#¢"¢"À¢'7G–ÇW2#¢"¢"À¢'7Vv'72#¢"¢"À¢'FW'6W"#¢%ãRãbã"À¢'G7‚#¢%ãBã‚ã"À¢'–ÖÂ#¢%ã"ãBã" ¢ÒÀ¢'VW$FWVæFVæ6–W4ÖWF#¢°¢$G—W2öæöFR#¢°¢&÷F–öæÂ#¢G'VP¢ÒÀ¢&¦—F’#¢°¢&÷F–öæÂ#¢G'VP¢ÒÀ¢&ÆW72#¢°¢&÷F–öæÂ#¢G'VP¢ÒÀ¢&Æ–v‡Fæ–æv772#¢°¢&÷F–öæÂ#¢G'VP¢ÒÀ¢'672#¢°¢&÷F–öæÂ#¢G'VP¢ÒÀ¢'672ÖVÖ&VFFVB#¢°¢&÷F–öæÂ#¢G'VP¢ÒÀ¢'7G–ÇW2#¢°¢&÷F–öæÂ#¢G'VP¢ÒÀ¢'7Vv'72#¢°¢&÷F–öæÂ#¢G'VP¢ÒÀ¢'FW'6W"#¢°¢&÷F–öæÂ#¢G'VP¢ÒÀ¢'G7‚#¢°¢&÷F–öæÂ#¢G'VP¢ÒÀ¢'–ÖÂ#¢°¢&÷F–öæÂ#¢G'VP¢Ð¢Ð¢ÒÀ¢&æöFUöÖöGVÆW2÷f—FRöæöFUöÖöGVÆW2öfF—"#¢°¢'fW'6–öâ#¢#bãRã"À¢&FWb#¢G'VRÀ¢&Æ–6Vç6R#¢$Ô•B"À¢&Væv–æW2#¢°¢&æöFR#¢#ãÓ"ãã ¢ÒÀ¢'VW$FWVæFVæ6–W2#¢°¢'–6öÖF6‚#¢%ã2ÇÂãB ¢ÒÀ¢'VW$FWVæFVæ6–W4ÖWF#¢°¢'–6öÖF6‚#¢°¢&÷F–öæÂ#¢G'VP¢Ð¢Ð¢ÒÀ¢&æöFUöÖöGVÆW2÷f—FRöæöFUöÖöGVÆW2÷–6öÖF6‚#¢°¢'fW'6–öâ#¢#BããB"À¢&FWb#¢G'VRÀ¢&Æ–6Vç6R#¢$Ô•B"À¢&Væv–æW2#¢°¢&æöFR#¢#ãÓ" ¢ÒÀ¢&gVæF–ær#¢°¢'W&Â#¢&‡GG3¢òöv—F‡V"æ6öÒ÷7öç6÷'2ö¦öç66†Æ–æ¶W'B ¢Ð¢ÒÀ¢&æöFUöÖöGVÆW2÷v—BÖöâ#¢°¢'fW'6–öâ#¢#‚ããR"À¢&FWb#¢G'VRÀ¢&Æ–6Vç6R#¢$Ô•B"À¢&FWVæFVæ6–W2#¢°¢&†–÷2#¢%ãã"ã"À¢&¦ö’#¢%ã‚ãã"À¢&ÆöF6‚#¢%ãBãrã#"À¢&Ö–æ–Ö—7B#¢%ãã"ã‚"À¢''†§2#¢%ãrã‚ã" ¢ÒÀ¢&&–â#¢°¢'v—BÖöâ#¢&&–â÷v—BÖöâ ¢ÒÀ¢&Væv–æW2#¢°¢&æöFR#¢#ãÓ"ãã ¢Ð¢ÒÀ¢&æöFUöÖöGVÆW2÷v7v–GF‚#¢°¢'fW'6–öâ#¢#ãã"À¢&FWb#¢G'VRÀ¢&Æ–6Vç6R#¢$Ô•B"À¢&FWVæFVæ6–W2#¢°¢&FVfVÇG2#¢%ããã2 ¢Ð¢ÒÀ¢&æöFUöÖöGVÆW2÷vV"ÖæÖW76W2#¢°¢'fW'6–öâ#¢#"ãã"À¢&Æ–6Vç6R#¢$Ô•B"À¢&gVæF–ær#¢°¢'G—R#¢&v—F‡V""À¢'W&Â#¢&‡GG3¢òöv—F‡V"æ6öÒ÷7öç6÷'2÷vöö÷&Ò ¢Ð¢ÒÀ¢&æöFUöÖöGVÆW2÷v†–6‚#¢°¢'fW'6–öâ#¢#"ãã""À¢&FWb#¢G'VRÀ¢&Æ–6Vç6R#¢$•42"À¢&FWVæFVæ6–W2#¢°¢&—6W†R#¢%ã"ãã ¢ÒÀ¢&&–â#¢°¢&æöFR×v†–6‚#¢&&–âöæöFR×v†–6‚ ¢ÒÀ¢&Væv–æW2#¢°¢&æöFR#¢#ãÒ‚ ¢Ð¢ÒÀ¢&æöFUöÖöGVÆW2÷v–FRÖÆ–vâ#¢°¢'fW'6–öâ#¢#ããR"À¢&FWb#¢G'VRÀ¢&Æ–6Vç6R#¢$•42"À¢&FWVæFVæ6–W2#¢°¢'7G&–ær×v–GF‚#¢%ããã"ÇÂ"ÇÂ2ÇÂB ¢Ð¢ÒÀ¢&æöFUöÖöGVÆW2÷w&Öç6’#¢°¢'fW'6–öâ#¢#rãã"À¢&FWb#¢G'VRÀ¢&Æ–6Vç6R#¢$Ô•B"À¢&FWVæFVæ6–W2#¢°¢&ç6’×7G–ÆW2#¢%ãBãã"À¢'7G&–ær×v–GF‚#¢%ãBãã"À¢'7G&—Öç6’#¢%ãbãã ¢ÒÀ¢&Væv–æW2#¢°¢&æöFR#¢#ãÓ ¢ÒÀ¢&gVæF–ær#¢°¢'W&Â#¢&‡GG3¢òöv—F‡V"æ6öÒö6†Æ²÷w&Öç6“÷7öç6÷#Ó ¢Ð¢ÒÀ¢&æöFUöÖöGVÆW2÷w&Öç6’Ö6§2#¢°¢&æÖR#¢'w&Öç6’"À¢'fW'6–öâ#¢#rãã"À¢&FWb#¢G'VRÀ¢&Æ–6Vç6R#¢$Ô•B"À¢&FWVæFVæ6–W2#¢°¢&ç6’×7G–ÆW2#¢%ãBãã"À¢'7G&–ær×v–GF‚#¢%ãBãã"À¢'7G&—Öç6’#¢%ãbãã ¢ÒÀ¢&Væv–æW2#¢°¢&æöFR#¢#ãÓ ¢ÒÀ¢&gVæF–ær#¢°¢'W&Â#¢&‡GG3¢òöv—F‡V"æ6öÒö6†Æ²÷w&Öç6“÷7öç6÷#Ó ¢Ð¢ÒÀ¢&æöFUöÖöGVÆW2÷w&’#¢°¢'fW'6–öâ#¢#ãã""À¢&FWb#¢G'VRÀ¢&Æ–6Vç6R#¢$•42 ¢ÒÀ¢&æöFUöÖöGVÆW2÷†ÖÆ'V–ÆFW"#¢°¢'fW'6–öâ#¢#Rãã"À¢&FWb#¢G'VRÀ¢&Æ–6Vç6R#¢$Ô•B"À¢&Væv–æW2#¢°¢&æöFR#¢#ãÓ‚ã ¢Ð¢ÒÀ¢&æöFUöÖöGVÆW2÷“†â#¢°¢'fW'6–öâ#¢#Rãã‚"À¢&FWb#¢G'VRÀ¢&Æ–6Vç6R#¢$•42"À¢&Væv–æW2#¢°¢&æöFR#¢#ãÓ ¢Ð¢ÒÀ¢&æöFUöÖöGVÆW2÷–ÆÆ—7B#¢°¢'fW'6–öâ#¢#2ãã"À¢&FWb#¢G'VRÀ¢&Æ–6Vç6R#¢$•42 ¢ÒÀ¢&æöFUöÖöGVÆW2÷–&w2#¢°¢'fW'6–öâ#¢#rãrã""À¢&FWb#¢G'VRÀ¢&Æ–6Vç6R#¢$Ô•B"À¢&FWVæFVæ6–W2#¢°¢&6Æ—V’#¢%ã‚ãã"À¢&W66ÆFR#¢%ã2ãã"À¢&vWBÖ6ÆÆW"Öf–ÆR#¢%ã"ããR"À¢'&WV—&RÖF—&V7F÷'’#¢%ã"ãã"À¢'7G&–ær×v–GF‚#¢%ãBã"ã2"À¢'“†â#¢%ãRããR"À¢'–&w2×'6W"#¢%ã#ãã ¢ÒÀ¢&Væv–æW2#¢°¢&æöFR#¢#ãÓ" ¢Ð¢ÒÀ¢&æöFUöÖöGVÆW2÷–&w2×'6W"#¢°¢'fW'6–öâ#¢##ãã"À¢&FWb#¢G'VRÀ¢&Æ–6Vç6R#¢$•42"À¢&Væv–æW2#¢°¢&æöFR#¢#ãÓ" ¢Ð¢ÒÀ¢&æöFUöÖöGVÆW2÷–W¦Â#¢°¢'fW'6–öâ#¢#"ãã"À¢&FWb#¢G'VRÀ¢&Æ–6Vç6R#¢$Ô•B"À¢&FWVæFVæ6–W2#¢°¢&'VffW"Ö7&33"#¢'ãã"ã2"À¢&fB×6Æ–6W"#¢'ããã ¢Ð¢ÒÀ¢&æöFUöÖöGVÆW2÷–ö7Fò×VWVR#¢°¢'fW'6–öâ#¢#ãã"À¢&FWb#¢G'VRÀ¢&Æ–6Vç6R#¢$Ô•B"À¢&Væv–æW2#¢°¢&æöFR#¢#ãÓ ¢ÒÀ¢&gVæF–ær#¢°¢'W&Â#¢&‡GG3¢òöv—F‡V"æ6öÒ÷7öç6÷'2÷6–æG&W6÷&‡W2 ¢Ð¢ÒÀ¢&æöFUöÖöGVÆW2÷¦—×7G&VÒ#¢°¢'fW'6–öâ#¢#Bãã"À¢&FWb#¢G'VRÀ¢&Æ–6Vç6R#¢$Ô•B"À¢'VW"#¢G'VRÀ¢&FWVæFVæ6–W2#¢°¢&&6†—fW"×WF–Ç2#¢%ã2ããB"À¢&6ö×&W72Ö6öÖÖöç2#¢%ãBãã""À¢'&VF&ÆR×7G&VÒ#¢%ã2ãbã ¢ÒÀ¢&Væv–æW2#¢°¢&æöFR#¢#ãÒ ¢Ð¢ÒÀ¢&æöFUöÖöGVÆW2÷¦—×7G&VÒöæöFUöÖöGVÆW2ö&6†—fW"×WF–Ç2#¢°¢'fW'6–öâ#¢#2ããB"À¢&FWb#¢G'VRÀ¢&Æ–6Vç6R#¢$Ô•B"À¢'VW"#¢G'VRÀ¢&FWVæFVæ6–W2#¢°¢&vÆö"#¢%ãrã"ã2"À¢&w&6VgVÂÖg2#¢%ãBã"ã"À¢&Æ§—7G&VÒ#¢%ããã"À¢&ÆöF6‚æFVfVÇG2#¢%ãBã"ã"À¢&ÆöF6‚æF–ffW&Væ6R#¢%ãBãRã"À¢&ÆöF6‚æfÆGFVâ#¢%ãBãBã"À¢&ÆöF6‚æ—7Æ–æö&¦V7B#¢%ãBããb"À¢&ÆöF6‚çVæ–öâ#¢%ãBãbã"À¢&æ÷&ÖÆ—¦R×F‚#¢%ã2ãã"À¢'&VF&ÆR×7G&VÒ#¢%ã2ãbã ¢ÒÀ¢&Væv–æW2#¢°¢&æöFR#¢#ãÒ ¢Ð¢ÒÀ¢&æöFUöÖöGVÆW2÷§v—F6‚#¢°¢'fW'6–öâ#¢#"ããB"À¢&Æ–6Vç6R#¢$Ô•B"À¢&gVæF–ær#¢°¢'G—R#¢&v—F‡V""À¢'W&Â#¢&‡GG3¢òöv—F‡V"æ6öÒ÷7öç6÷'2÷vöö÷&Ò ¢Ð¢Ð¢Ð§Ð